
Microsoft Visual Studio Solution File, Format Version 12.00
# Visual Studio Version 17
VisualStudioVersion = 17.1.32210.238
MinimumVisualStudioVersion = 10.0.40219.1
Project("{2150E333-8FDC-42A3-9474-1A3956D46DE8}") = "Services", "Services", "{CD5FAFD7-7EA5-481F-9A1E-34941FA7CD31}"
EndProject
Project("{2150E333-8FDC-42A3-9474-1A3956D46DE8}") = "Catalog", "Catalog", "{30946058-FB3D-4977-9D7A-1E4625C6A7D5}"
EndProject
Project("{9A19103F-16F7-4668-BE54-9A1E7A4F7556}") = "Catalog.API", "Services\Catalog\Catalog.API\Catalog.API.csproj", "{E0FFB9AA-6D7A-4319-AD36-AC36FAAFE989}"
EndProject
Project("{E53339B2-1760-4266-BCC7-CA923CBCF16C}") = "docker-compose", "docker-compose.dcproj", "{E694FD65-A7C6-4B12-A64B-C7F3A5400876}"
EndProject
Project("{2150E333-8FDC-42A3-9474-1A3956D46DE8}") = "Basket", "Basket", "{AD570037-FBC7-40DA-92E5-2FD505C5C191}"
EndProject
Project("{9A19103F-16F7-4668-BE54-9A1E7A4F7556}") = "Basket.API", "Services\Basket\Basket.API\Basket.API.csproj", "{88A5573E-DFC0-4EDC-A11F-09A49A88A51A}"
EndProject
Project("{2150E333-8FDC-42A3-9474-1A3956D46DE8}") = "Discount", "Discount", "{69F4599A-BC9B-47B5-9460-20746548E63F}"
EndProject
Project("{FAE04EC0-301F-11D3-BF4B-00C04F79EFBC}") = "Discount.API", "Services\Discount\Discount.API\Discount.API.csproj", "{599A660B-9A8D-4079-BB20-7B1026E035EF}"
EndProject
Global
	GlobalSection(SolutionConfigurationPlatforms) = preSolution
		Debug|Any CPU = Debug|Any CPU
		Release|Any CPU = Release|Any CPU
	EndGlobalSection
	GlobalSection(ProjectConfigurationPlatforms) = postSolution
		{E0FFB9AA-6D7A-4319-AD36-AC36FAAFE989}.Debug|Any CPU.ActiveCfg = Debug|Any CPU
		{E0FFB9AA-6D7A-4319-AD36-AC36FAAFE989}.Debug|Any CPU.Build.0 = Debug|Any CPU
		{E0FFB9AA-6D7A-4319-AD36-AC36FAAFE989}.Release|Any CPU.ActiveCfg = Release|Any CPU
		{E0FFB9AA-6D7A-4319-AD36-AC36FAAFE989}.Release|Any CPU.Build.0 = Release|Any CPU
		{E694FD65-A7C6-4B12-A64B-C7F3A5400876}.Debug|Any CPU.ActiveCfg = Debug|Any CPU
		{E694FD65-A7C6-4B12-A64B-C7F3A5400876}.Debug|Any CPU.Build.0 = Debug|Any CPU
		{E694FD65-A7C6-4B12-A64B-C7F3A5400876}.Release|Any CPU.ActiveCfg = Release|Any CPU
		{E694FD65-A7C6-4B12-A64B-C7F3A5400876}.Release|Any CPU.Build.0 = Release|Any CPU
		{88A5573E-DFC0-4EDC-A11F-09A49A88A51A}.Debug|Any CPU.ActiveCfg = Debug|Any CPU
		{88A5573E-DFC0-4EDC-A11F-09A49A88A51A}.Debug|Any CPU.Build.0 = Debug|Any CPU
		{88A5573E-DFC0-4EDC-A11F-09A49A88A51A}.Release|Any CPU.ActiveCfg = Release|Any CPU
		{88A5573E-DFC0-4EDC-A11F-09A49A88A51A}.Release|Any CPU.Build.0 = Release|Any CPU
		{599A660B-9A8D-4079-BB20-7B1026E035EF}.Debug|Any CPU.ActiveCfg = Debug|Any CPU
		{599A660B-9A8D-4079-BB20-7B1026E035EF}.Debug|Any CPU.Build.0 = Debug|Any CPU
		{599A660B-9A8D-4079-BB20-7B1026E035EF}.Release|Any CPU.ActiveCfg = Release|Any CPU
		{599A660B-9A8D-4079-BB20-7B1026E035EF}.Release|Any CPU.Build.0 = Release|Any CPU
	EndGlobalSection
	GlobalSection(SolutionProperties) = preSolution
		HideSolutionNode = FALSE
	EndGlobalSection
	GlobalSection(NestedProjects) = preSolution
		{30946058-FB3D-4977-9D7A-1E4625C6A7D5} = {CD5FAFD7-7EA5-481F-9A1E-34941FA7CD31}
		{E0FFB9AA-6D7A-4319-AD36-AC36FAAFE989} = {30946058-FB3D-4977-9D7A-1E4625C6A7D5}
		{AD570037-FBC7-40DA-92E5-2FD505C5C191} = {CD5FAFD7-7EA5-481F-9A1E-34941FA7CD31}
		{88A5573E-DFC0-4EDC-A11F-09A49A88A51A} = {AD570037-FBC7-40DA-92E5-2FD505C5C191}
		{69F4599A-BC9B-47B5-9460-20746548E63F} = {CD5FAFD7-7EA5-481F-9A1E-34941FA7CD31}
		{599A660B-9A8D-4079-BB20-7B1026E035EF} = {69F4599A-BC9B-47B5-9460-20746548E63F}
	EndGlobalSection
	GlobalSection(ExtensibilityGlobals) = postSolution
		SolutionGuid = {7CE84782-D252-46A9-B0FB-DAECAC8B3AE7}
	EndGlobalSection
EndGlobal
